
Microsoft Visual Studio Solution File, Format Version 12.00
Project("{2150E333-8FDC-42A3-9474-1A3956D46DE8}") = "src", "src", "{902D71B0-1565-4B06-99CF-CA883B1499E4}"
EndProject
Project("{FAE04EC0-301F-11D3-BF4B-00C04F79EFBC}") = "Mauve.VirtualMachine", "src\Mauve.VirtualMachine\Mauve.VirtualMachine.csproj", "{BF8E92A1-D02C-4665-ACD4-F939D54370F4}"
EndProject
Project("{FAE04EC0-301F-11D3-BF4B-00C04F79EFBC}") = "Mauve.Driver", "src\Mauve.Driver\Mauve.Driver.csproj", "{3BAF8C68-AAA0-4390-A98E-1BC956EFBB40}"
EndProject
Project("{FAE04EC0-301F-11D3-BF4B-00C04F79EFBC}") = "Mauve.ByteCode", "src\Mauve.ByteCode\Mauve.ByteCode.csproj", "{9F815E6B-0E21-46F7-A11E-B629B7587ECE}"
EndProject
Project("{2150E333-8FDC-42A3-9474-1A3956D46DE8}") = "tests", "tests", "{A1B5ACC8-BD69-48E1-8461-0607589C3D1B}"
EndProject
Project("{2150E333-8FDC-42A3-9474-1A3956D46DE8}") = "benchmarks", "benchmarks", "{014F68EB-62B0-407D-8204-5E9954FEE39D}"
EndProject
Project("{FAE04EC0-301F-11D3-BF4B-00C04F79EFBC}") = "Mauve.VirtualMachine.Benchmarks", "benchmarks\Mauve.VirtualMachine.Benchmarks\Mauve.VirtualMachine.Benchmarks.csproj", "{0EC7F948-F036-4738-8A88-1278C8ACCE36}"
EndProject
Project("{FAE04EC0-301F-11D3-BF4B-00C04F79EFBC}") = "Mauve.Compiler", "src\Mauve.Compiler\Mauve.Compiler.csproj", "{4E799102-F545-4F68-A6F4-E08894C71B03}"
EndProject
Project("{FAE04EC0-301F-11D3-BF4B-00C04F79EFBC}") = "Mauve.VirtualMachine.UnitTests", "tests\Mauve.VirtualMachine.UnitTests\Mauve.VirtualMachine.UnitTests.csproj", "{7ECF3D57-BDB2-4310-9925-E25185FB5677}"
EndProject
Global
	GlobalSection(SolutionConfigurationPlatforms) = preSolution
		Debug|Any CPU = Debug|Any CPU
		Release|Any CPU = Release|Any CPU
	EndGlobalSection
	GlobalSection(NestedProjects) = preSolution
		{BF8E92A1-D02C-4665-ACD4-F939D54370F4} = {902D71B0-1565-4B06-99CF-CA883B1499E4}
		{3BAF8C68-AAA0-4390-A98E-1BC956EFBB40} = {902D71B0-1565-4B06-99CF-CA883B1499E4}
		{9F815E6B-0E21-46F7-A11E-B629B7587ECE} = {902D71B0-1565-4B06-99CF-CA883B1499E4}
		{0EC7F948-F036-4738-8A88-1278C8ACCE36} = {014F68EB-62B0-407D-8204-5E9954FEE39D}
		{4E799102-F545-4F68-A6F4-E08894C71B03} = {902D71B0-1565-4B06-99CF-CA883B1499E4}
		{7ECF3D57-BDB2-4310-9925-E25185FB5677} = {A1B5ACC8-BD69-48E1-8461-0607589C3D1B}
	EndGlobalSection
	GlobalSection(ProjectConfigurationPlatforms) = postSolution
		{BF8E92A1-D02C-4665-ACD4-F939D54370F4}.Debug|Any CPU.ActiveCfg = Debug|Any CPU
		{BF8E92A1-D02C-4665-ACD4-F939D54370F4}.Debug|Any CPU.Build.0 = Debug|Any CPU
		{BF8E92A1-D02C-4665-ACD4-F939D54370F4}.Release|Any CPU.ActiveCfg = Release|Any CPU
		{BF8E92A1-D02C-4665-ACD4-F939D54370F4}.Release|Any CPU.Build.0 = Release|Any CPU
		{3BAF8C68-AAA0-4390-A98E-1BC956EFBB40}.Debug|Any CPU.ActiveCfg = Debug|Any CPU
		{3BAF8C68-AAA0-4390-A98E-1BC956EFBB40}.Debug|Any CPU.Build.0 = Debug|Any CPU
		{3BAF8C68-AAA0-4390-A98E-1BC956EFBB40}.Release|Any CPU.ActiveCfg = Release|Any CPU
		{3BAF8C68-AAA0-4390-A98E-1BC956EFBB40}.Release|Any CPU.Build.0 = Release|Any CPU
		{9F815E6B-0E21-46F7-A11E-B629B7587ECE}.Debug|Any CPU.ActiveCfg = Debug|Any CPU
		{9F815E6B-0E21-46F7-A11E-B629B7587ECE}.Debug|Any CPU.Build.0 = Debug|Any CPU
		{9F815E6B-0E21-46F7-A11E-B629B7587ECE}.Release|Any CPU.ActiveCfg = Release|Any CPU
		{9F815E6B-0E21-46F7-A11E-B629B7587ECE}.Release|Any CPU.Build.0 = Release|Any CPU
		{0EC7F948-F036-4738-8A88-1278C8ACCE36}.Debug|Any CPU.ActiveCfg = Debug|Any CPU
		{0EC7F948-F036-4738-8A88-1278C8ACCE36}.Debug|Any CPU.Build.0 = Debug|Any CPU
		{0EC7F948-F036-4738-8A88-1278C8ACCE36}.Release|Any CPU.ActiveCfg = Release|Any CPU
		{0EC7F948-F036-4738-8A88-1278C8ACCE36}.Release|Any CPU.Build.0 = Release|Any CPU
		{4E799102-F545-4F68-A6F4-E08894C71B03}.Debug|Any CPU.ActiveCfg = Debug|Any CPU
		{4E799102-F545-4F68-A6F4-E08894C71B03}.Debug|Any CPU.Build.0 = Debug|Any CPU
		{4E799102-F545-4F68-A6F4-E08894C71B03}.Release|Any CPU.ActiveCfg = Release|Any CPU
		{4E799102-F545-4F68-A6F4-E08894C71B03}.Release|Any CPU.Build.0 = Release|Any CPU
		{7ECF3D57-BDB2-4310-9925-E25185FB5677}.Debug|Any CPU.ActiveCfg = Debug|Any CPU
		{7ECF3D57-BDB2-4310-9925-E25185FB5677}.Debug|Any CPU.Build.0 = Debug|Any CPU
		{7ECF3D57-BDB2-4310-9925-E25185FB5677}.Release|Any CPU.ActiveCfg = Release|Any CPU
		{7ECF3D57-BDB2-4310-9925-E25185FB5677}.Release|Any CPU.Build.0 = Release|Any CPU
	EndGlobalSection
EndGlobal
